
Microsoft Visual Studio Solution File, Format Version 12.00
# Visual Studio Version 17
VisualStudioVersion = 17.10.35122.118
MinimumVisualStudioVersion = 10.0.40219.1
Project("{FAE04EC0-301F-11D3-BF4B-00C04F79EFBC}") = "PatikaMVC_1", "PatikaMVC_1\PatikaMVC_1.csproj", "{AE05FFBF-7933-4832-9BF9-C6A876A4DD78}"
EndProject
Global
	GlobalSection(SolutionConfigurationPlatforms) = preSolution
		Debug|Any CPU = Debug|Any CPU
		Release|Any CPU = Release|Any CPU
	EndGlobalSection
	GlobalSection(ProjectConfigurationPlatforms) = postSolution
		{AE05FFBF-7933-4832-9BF9-C6A876A4DD78}.Debug|Any CPU.ActiveCfg = Debug|Any CPU
		{AE05FFBF-7933-4832-9BF9-C6A876A4DD78}.Debug|Any CPU.Build.0 = Debug|Any CPU
		{AE05FFBF-7933-4832-9BF9-C6A876A4DD78}.Release|Any CPU.ActiveCfg = Release|Any CPU
		{AE05FFBF-7933-4832-9BF9-C6A876A4DD78}.Release|Any CPU.Build.0 = Release|Any CPU
	EndGlobalSection
	GlobalSection(SolutionProperties) = preSolution
		HideSolutionNode = FALSE
	EndGlobalSection
	GlobalSection(ExtensibilityGlobals) = postSolution
		SolutionGuid = {5C6FB7D7-1F25-4541-B24D-F158FFE8736B}
	EndGlobalSection
EndGlobal
